
Microsoft Visual Studio Solution File, Format Version 12.00
# Visual Studio Version 16
VisualStudioVersion = 16.0.30413.136
MinimumVisualStudioVersion = 10.0.40219.1
Project("{FAE04EC0-301F-11D3-BF4B-00C04F79EFBC}") = "Less04_task03", "Less04_task03\Less04_task03.csproj", "{7FC4552E-0565-402B-9FF1-94233B70C92F}"
EndProject
Global
	GlobalSection(SolutionConfigurationPlatforms) = preSolution
		Debug|Any CPU = Debug|Any CPU
		Release|Any CPU = Release|Any CPU
	EndGlobalSection
	GlobalSection(ProjectConfigurationPlatforms) = postSolution
		{7FC4552E-0565-402B-9FF1-94233B70C92F}.Debug|Any CPU.ActiveCfg = Debug|Any CPU
		{7FC4552E-0565-402B-9FF1-94233B70C92F}.Debug|Any CPU.Build.0 = Debug|Any CPU
		{7FC4552E-0565-402B-9FF1-94233B70C92F}.Release|Any CPU.ActiveCfg = Release|Any CPU
		{7FC4552E-0565-402B-9FF1-94233B70C92F}.Release|Any CPU.Build.0 = Release|Any CPU
	EndGlobalSection
	GlobalSection(SolutionProperties) = preSolution
		HideSolutionNode = FALSE
	EndGlobalSection
	GlobalSection(ExtensibilityGlobals) = postSolution
		SolutionGuid = {4E19359C-490C-4977-A6F4-284A50A390FB}
	EndGlobalSection
EndGlobal
